<?xml version="1.0" encoding="utf-8"?>
<Project ToolsVersion="4.0" xmlns="http://schemas.microsoft.com/developer/msbuild/2003">
  <ItemGroup>
    <Filter Include="ソース ファイル">
      <UniqueIdentifier>{4FC737F1-C7A5-4376-A066-2A32D752A2FF}</UniqueIdentifier>
      <Extensions>cpp;c;cc;cxx;c++;cppm;ixx;def;odl;idl;hpj;bat;asm;asmx</Extensions>
    </Filter>
    <Filter Include="ヘッダー ファイル">
      <UniqueIdentifier>{93995380-89BD-4b04-88EB-625FBE52EBFB}</UniqueIdentifier>
      <Extensions>h;hh;hpp;hxx;h++;hm;inl;inc;ipp;xsd</Extensions>
    </Filter>
    <Filter Include="リソース ファイル">
      <UniqueIdentifier>{67DA6AB6-F800-4c08-8B7A-83BB121AAD01}</UniqueIdentifier>
      <Extensions>rc;ico;cur;bmp;dlg;rc2;rct;bin;rgs;gif;jpg;jpeg;jpe;resx;tiff;tif;png;wav;mfcribbon-ms</Extensions>
    </Filter>
    <Filter Include="シェーダー ファイル">
      <UniqueIdentifier>{8130f106-0632-4eb2-b9fc-6d2d126fc07e}</UniqueIdentifier>
    </Filter>
    <Filter Include="ソース ファイル\GameScript">
      <UniqueIdentifier>{bafc91d2-57ea-4c7d-8ab6-3c9e7b0c764e}</UniqueIdentifier>
    </Filter>
    <Filter Include="ソース ファイル\GameScript\Enemies">
      <UniqueIdentifier>{22973afb-5fcb-4574-8fa5-a429d989f6a9}</UniqueIdentifier>
    </Filter>
    <Filter Include="ヘッダー ファイル\GameScript">
      <UniqueIdentifier>{400845be-b8eb-420d-9a55-448ae6664607}</UniqueIdentifier>
    </Filter>
    <Filter Include="ヘッダー ファイル\GameScript\Enemies">
      <UniqueIdentifier>{6b885fc5-e784-4f30-935c-904d11c16925}</UniqueIdentifier>
    </Filter>
    <Filter Include="ソース ファイル\ADXEngine">
      <UniqueIdentifier>{e2a5c4c1-acd0-4aa7-8b59-aab9da9f02fa}</UniqueIdentifier>
    </Filter>
    <Filter Include="ヘッダー ファイル\ADXEngine">
      <UniqueIdentifier>{0bacb6f0-cd8b-44f4-9243-eaa11159dd3d}</UniqueIdentifier>
    </Filter>
  </ItemGroup>
  <ItemGroup>
    <ClCompile Include="ADXEngine\ADXAudioSource.cpp">
      <Filter>ソース ファイル\ADXEngine</Filter>
    </ClCompile>
    <ClCompile Include="ADXEngine\ADXCamera.cpp">
      <Filter>ソース ファイル\ADXEngine</Filter>
    </ClCompile>
    <ClCompile Include="ADXEngine\ADXCollider.cpp">
      <Filter>ソース ファイル\ADXEngine</Filter>
    </ClCompile>
    <ClCompile Include="ADXEngine\ADXCommon.cpp">
      <Filter>ソース ファイル\ADXEngine</Filter>
    </ClCompile>
    <ClCompile Include="ADXEngine\ADXComponent.cpp">
      <Filter>ソース ファイル\ADXEngine</Filter>
    </ClCompile>
    <ClCompile Include="ADXEngine\ADXDataPool.cpp">
      <Filter>ソース ファイル\ADXEngine</Filter>
    </ClCompile>
    <ClCompile Include="ADXEngine\ADXImage.cpp">
      <Filter>ソース ファイル\ADXEngine</Filter>
    </ClCompile>
    <ClCompile Include="ADXEngine\ADXImGuiManager.cpp">
      <Filter>ソース ファイル\ADXEngine</Filter>
    </ClCompile>
    <ClCompile Include="ADXEngine\ADXKeyBoardInput.cpp">
      <Filter>ソース ファイル\ADXEngine</Filter>
    </ClCompile>
    <ClCompile Include="ADXEngine\ADXLevelData.cpp">
      <Filter>ソース ファイル\ADXEngine</Filter>
    </ClCompile>
    <ClCompile Include="ADXEngine\ADXMaterial.cpp">
      <Filter>ソース ファイル\ADXEngine</Filter>
    </ClCompile>
    <ClCompile Include="ADXEngine\ADXMatrix4.cpp">
      <Filter>ソース ファイル\ADXEngine</Filter>
    </ClCompile>
    <ClCompile Include="ADXEngine\ADXModel.cpp">
      <Filter>ソース ファイル\ADXEngine</Filter>
    </ClCompile>
    <ClCompile Include="ADXEngine\ADXObject.cpp">
      <Filter>ソース ファイル\ADXEngine</Filter>
    </ClCompile>
    <ClCompile Include="ADXEngine\ADXPostEffectLens.cpp">
      <Filter>ソース ファイル\ADXEngine</Filter>
    </ClCompile>
    <ClCompile Include="ADXEngine\ADXQuaternion.cpp">
      <Filter>ソース ファイル\ADXEngine</Filter>
    </ClCompile>
    <ClCompile Include="ADXEngine\ADXRigidbody.cpp">
      <Filter>ソース ファイル\ADXEngine</Filter>
    </ClCompile>
    <ClCompile Include="ADXEngine\ADXScene.cpp">
      <Filter>ソース ファイル\ADXEngine</Filter>
    </ClCompile>
    <ClCompile Include="ADXEngine\ADXSceneManager.cpp">
      <Filter>ソース ファイル\ADXEngine</Filter>
    </ClCompile>
    <ClCompile Include="ADXEngine\ADXSprite.cpp">
      <Filter>ソース ファイル\ADXEngine</Filter>
    </ClCompile>
    <ClCompile Include="ADXEngine\ADXTexAnimation.cpp">
      <Filter>ソース ファイル\ADXEngine</Filter>
    </ClCompile>
    <ClCompile Include="ADXEngine\ADXUtility.cpp">
      <Filter>ソース ファイル\ADXEngine</Filter>
    </ClCompile>
    <ClCompile Include="ADXEngine\ADXVector3.cpp">
      <Filter>ソース ファイル\ADXEngine</Filter>
    </ClCompile>
    <ClCompile Include="ADXEngine\ADXWindow.cpp">
      <Filter>ソース ファイル\ADXEngine</Filter>
    </ClCompile>
    <ClCompile Include="ADXEngine\ADXWorldTransform.cpp">
      <Filter>ソース ファイル\ADXEngine</Filter>
    </ClCompile>
    <ClCompile Include="ADXEngine\ADXParticleSystem.cpp">
      <Filter>ソース ファイル\ADXEngine</Filter>
    </ClCompile>
    <ClCompile Include="ADXEngine\ADXParticle.cpp">
      <Filter>ソース ファイル\ADXEngine</Filter>
    </ClCompile>
    <ClCompile Include="Scripts\Cub_E.cpp">
      <Filter>ソース ファイル\GameScript\Enemies</Filter>
    </ClCompile>
    <ClCompile Include="Scripts\Clex.cpp">
      <Filter>ソース ファイル\GameScript\Enemies</Filter>
    </ClCompile>
    <ClCompile Include="Scripts\Projectile.cpp">
      <Filter>ソース ファイル\GameScript\Enemies</Filter>
    </ClCompile>
    <ClCompile Include="Scripts\BattleFieldBox.cpp">
      <Filter>ソース ファイル\GameScript</Filter>
    </ClCompile>
    <ClCompile Include="Scripts\Enemy.cpp">
      <Filter>ソース ファイル\GameScript</Filter>
    </ClCompile>
    <ClCompile Include="Scripts\EnemySpawnData.cpp">
      <Filter>ソース ファイル\GameScript</Filter>
    </ClCompile>
    <ClCompile Include="Scripts\FieldBox.cpp">
      <Filter>ソース ファイル\GameScript</Filter>
    </ClCompile>
    <ClCompile Include="Scripts\GameScene.cpp">
      <Filter>ソース ファイル\GameScript</Filter>
    </ClCompile>
    <ClCompile Include="Scripts\Goal.cpp">
      <Filter>ソース ファイル\GameScript</Filter>
    </ClCompile>
    <ClCompile Include="Scripts\LiveEntity.cpp">
      <Filter>ソース ファイル\GameScript</Filter>
    </ClCompile>
    <ClCompile Include="Scripts\main.cpp">
      <Filter>ソース ファイル\GameScript</Filter>
    </ClCompile>
    <ClCompile Include="Scripts\Player.cpp">
      <Filter>ソース ファイル\GameScript</Filter>
    </ClCompile>
    <ClCompile Include="Scripts\PlayerMini.cpp">
      <Filter>ソース ファイル\GameScript</Filter>
    </ClCompile>
    <ClCompile Include="Scripts\PushableObject.cpp">
      <Filter>ソース ファイル\GameScript</Filter>
    </ClCompile>
    <ClCompile Include="Scripts\SceneGate.cpp">
      <Filter>ソース ファイル\GameScript</Filter>
    </ClCompile>
    <ClCompile Include="Scripts\SceneManager.cpp">
      <Filter>ソース ファイル\GameScript</Filter>
    </ClCompile>
    <ClCompile Include="Scripts\SceneTransition.cpp">
      <Filter>ソース ファイル\GameScript</Filter>
    </ClCompile>
    <ClCompile Include="Scripts\StageSelectScene.cpp">
      <Filter>ソース ファイル\GameScript</Filter>
    </ClCompile>
    <ClCompile Include="Scripts\TitleScene.cpp">
      <Filter>ソース ファイル\GameScript</Filter>
    </ClCompile>
    <ClCompile Include="Scripts\TutorialArea.cpp">
      <Filter>ソース ファイル\GameScript</Filter>
    </ClCompile>
    <ClCompile Include="ADXEngine\ADXGamePadInput.cpp">
      <Filter>ソース ファイル\ADXEngine</Filter>
    </ClCompile>
    <ClCompile Include="ADXEngine\ADXVector2.cpp">
      <Filter>ソース ファイル\ADXEngine</Filter>
    </ClCompile>
    <ClCompile Include="ADXEngine\ADXKeyConfig.cpp">
      <Filter>ソース ファイル\ADXEngine</Filter>
    </ClCompile>
    <ClCompile Include="ADXEngine\ADXTextRenderer.cpp">
      <Filter>ソース ファイル\ADXEngine</Filter>
    </ClCompile>
    <ClCompile Include="ADXEngine\ADXModelRenderer.cpp">
      <Filter>ソース ファイル\ADXEngine</Filter>
    </ClCompile>
    <ClCompile Include="ADXEngine\ADXRenderer.cpp">
      <Filter>ソース ファイル\ADXEngine</Filter>
    </ClCompile>
    <ClCompile Include="Scripts\Pebble.cpp">
      <Filter>ソース ファイル\GameScript</Filter>
    </ClCompile>
  </ItemGroup>
  <ItemGroup>
    <ClInclude Include="ADXEngine\ADXAudioSource.h">
      <Filter>ヘッダー ファイル\ADXEngine</Filter>
    </ClInclude>
    <ClInclude Include="ADXEngine\ADXCamera.h">
      <Filter>ヘッダー ファイル\ADXEngine</Filter>
    </ClInclude>
    <ClInclude Include="ADXEngine\ADXCollider.h">
      <Filter>ヘッダー ファイル\ADXEngine</Filter>
    </ClInclude>
    <ClInclude Include="ADXEngine\ADXCommon.h">
      <Filter>ヘッダー ファイル\ADXEngine</Filter>
    </ClInclude>
    <ClInclude Include="ADXEngine\ADXComponent.h">
      <Filter>ヘッダー ファイル\ADXEngine</Filter>
    </ClInclude>
    <ClInclude Include="ADXEngine\ADXComponentInclude.h">
      <Filter>ヘッダー ファイル\ADXEngine</Filter>
    </ClInclude>
    <ClInclude Include="ADXEngine\ADXDataPool.h">
      <Filter>ヘッダー ファイル\ADXEngine</Filter>
    </ClInclude>
    <ClInclude Include="ADXEngine\ADXImage.h">
      <Filter>ヘッダー ファイル\ADXEngine</Filter>
    </ClInclude>
    <ClInclude Include="ADXEngine\ADXImGuiManager.h">
      <Filter>ヘッダー ファイル\ADXEngine</Filter>
    </ClInclude>
    <ClInclude Include="ADXEngine\ADXKeyBoardInput.h">
      <Filter>ヘッダー ファイル\ADXEngine</Filter>
    </ClInclude>
    <ClInclude Include="ADXEngine\ADXLevelData.h">
      <Filter>ヘッダー ファイル\ADXEngine</Filter>
    </ClInclude>
    <ClInclude Include="ADXEngine\ADXMaterial.h">
      <Filter>ヘッダー ファイル\ADXEngine</Filter>
    </ClInclude>
    <ClInclude Include="ADXEngine\ADXMatrix4.h">
      <Filter>ヘッダー ファイル\ADXEngine</Filter>
    </ClInclude>
    <ClInclude Include="ADXEngine\ADXModel.h">
      <Filter>ヘッダー ファイル\ADXEngine</Filter>
    </ClInclude>
    <ClInclude Include="ADXEngine\ADXObject.h">
      <Filter>ヘッダー ファイル\ADXEngine</Filter>
    </ClInclude>
    <ClInclude Include="ADXEngine\ADXPostEffectLens.h">
      <Filter>ヘッダー ファイル\ADXEngine</Filter>
    </ClInclude>
    <ClInclude Include="ADXEngine\ADXQuaternion.h">
      <Filter>ヘッダー ファイル\ADXEngine</Filter>
    </ClInclude>
    <ClInclude Include="ADXEngine\ADXRigidbody.h">
      <Filter>ヘッダー ファイル\ADXEngine</Filter>
    </ClInclude>
    <ClInclude Include="ADXEngine\ADXScene.h">
      <Filter>ヘッダー ファイル\ADXEngine</Filter>
    </ClInclude>
    <ClInclude Include="ADXEngine\ADXSceneManager.h">
      <Filter>ヘッダー ファイル\ADXEngine</Filter>
    </ClInclude>
    <ClInclude Include="ADXEngine\ADXSprite.h">
      <Filter>ヘッダー ファイル\ADXEngine</Filter>
    </ClInclude>
    <ClInclude Include="ADXEngine\ADXTexAnimation.h">
      <Filter>ヘッダー ファイル\ADXEngine</Filter>
    </ClInclude>
    <ClInclude Include="ADXEngine\ADXUtility.h">
      <Filter>ヘッダー ファイル\ADXEngine</Filter>
    </ClInclude>
    <ClInclude Include="ADXEngine\ADXVector3.h">
      <Filter>ヘッダー ファイル\ADXEngine</Filter>
    </ClInclude>
    <ClInclude Include="ADXEngine\ADXWindow.h">
      <Filter>ヘッダー ファイル\ADXEngine</Filter>
    </ClInclude>
    <ClInclude Include="ADXEngine\ADXWorldTransform.h">
      <Filter>ヘッダー ファイル\ADXEngine</Filter>
    </ClInclude>
    <ClInclude Include="ADXEngine\ADXParticleSystem.h">
      <Filter>ヘッダー ファイル\ADXEngine</Filter>
    </ClInclude>
    <ClInclude Include="ADXEngine\ADXParticle.h">
      <Filter>ヘッダー ファイル\ADXEngine</Filter>
    </ClInclude>
    <ClInclude Include="ADXEngine\json.hpp">
      <Filter>ヘッダー ファイル\ADXEngine</Filter>
    </ClInclude>
    <ClInclude Include="Scripts\Cub_E.h">
      <Filter>ヘッダー ファイル\GameScript\Enemies</Filter>
    </ClInclude>
    <ClInclude Include="Scripts\Clex.h">
      <Filter>ヘッダー ファイル\GameScript\Enemies</Filter>
    </ClInclude>
    <ClInclude Include="Scripts\Projectile.h">
      <Filter>ヘッダー ファイル\GameScript\Enemies</Filter>
    </ClInclude>
    <ClInclude Include="Scripts\BattleFieldBox.h">
      <Filter>ヘッダー ファイル\GameScript</Filter>
    </ClInclude>
    <ClInclude Include="Scripts\Enemy.h">
      <Filter>ヘッダー ファイル\GameScript</Filter>
    </ClInclude>
    <ClInclude Include="Scripts\EnemySpawnData.h">
      <Filter>ヘッダー ファイル\GameScript</Filter>
    </ClInclude>
    <ClInclude Include="Scripts\FieldBox.h">
      <Filter>ヘッダー ファイル\GameScript</Filter>
    </ClInclude>
    <ClInclude Include="Scripts\GameScene.h">
      <Filter>ヘッダー ファイル\GameScript</Filter>
    </ClInclude>
    <ClInclude Include="Scripts\Goal.h">
      <Filter>ヘッダー ファイル\GameScript</Filter>
    </ClInclude>
    <ClInclude Include="Scripts\LiveEntity.h">
      <Filter>ヘッダー ファイル\GameScript</Filter>
    </ClInclude>
    <ClInclude Include="Scripts\Player.h">
      <Filter>ヘッダー ファイル\GameScript</Filter>
    </ClInclude>
    <ClInclude Include="Scripts\PlayerMini.h">
      <Filter>ヘッダー ファイル\GameScript</Filter>
    </ClInclude>
    <ClInclude Include="Scripts\PushableObject.h">
      <Filter>ヘッダー ファイル\GameScript</Filter>
    </ClInclude>
    <ClInclude Include="Scripts\SceneGate.h">
      <Filter>ヘッダー ファイル\GameScript</Filter>
    </ClInclude>
    <ClInclude Include="Scripts\SceneManager.h">
      <Filter>ヘッダー ファイル\GameScript</Filter>
    </ClInclude>
    <ClInclude Include="Scripts\SceneTransition.h">
      <Filter>ヘッダー ファイル\GameScript</Filter>
    </ClInclude>
    <ClInclude Include="Scripts\StageSelectScene.h">
      <Filter>ヘッダー ファイル\GameScript</Filter>
    </ClInclude>
    <ClInclude Include="Scripts\TitleScene.h">
      <Filter>ヘッダー ファイル\GameScript</Filter>
    </ClInclude>
    <ClInclude Include="Scripts\TutorialArea.h">
      <Filter>ヘッダー ファイル\GameScript</Filter>
    </ClInclude>
    <ClInclude Include="ADXEngine\ADXGamePadInput.h">
      <Filter>ヘッダー ファイル\ADXEngine</Filter>
    </ClInclude>
    <ClInclude Include="ADXEngine\ADXVector2.h">
      <Filter>ヘッダー ファイル\ADXEngine</Filter>
    </ClInclude>
    <ClInclude Include="ADXEngine\ADXKeyConfig.h">
      <Filter>ヘッダー ファイル\ADXEngine</Filter>
    </ClInclude>
    <ClInclude Include="ADXEngine\ADXTextRenderer.h">
      <Filter>ヘッダー ファイル\ADXEngine</Filter>
    </ClInclude>
    <ClInclude Include="ADXEngine\ADXModelRenderer.h">
      <Filter>ヘッダー ファイル\ADXEngine</Filter>
    </ClInclude>
    <ClInclude Include="ADXEngine\ADXRenderer.h">
      <Filter>ヘッダー ファイル\ADXEngine</Filter>
    </ClInclude>
    <ClInclude Include="Scripts\Pebble.h">
      <Filter>ヘッダー ファイル\GameScript</Filter>
    </ClInclude>
  </ItemGroup>
  <ItemGroup>
    <FxCompile Include="Resources\shader\OBJPixelShader.hlsl">
      <Filter>シェーダー ファイル</Filter>
    </FxCompile>
    <FxCompile Include="Resources\shader\OBJVertexShader.hlsl">
      <Filter>シェーダー ファイル</Filter>
    </FxCompile>
    <FxCompile Include="Resources\shader\PostEffectTestVS.hlsl">
      <Filter>シェーダー ファイル</Filter>
    </FxCompile>
    <FxCompile Include="Resources\shader\PostEffectTestPS.hlsl">
      <Filter>シェーダー ファイル</Filter>
    </FxCompile>
  </ItemGroup>
  <ItemGroup>
    <None Include="Resources\shader\OBJShaderHeader.hlsli">
      <Filter>シェーダー ファイル</Filter>
    </None>
    <None Include="Resources\shader\PostEffectTest.hlsli">
      <Filter>シェーダー ファイル</Filter>
    </None>
  </ItemGroup>
</Project>